
Microsoft Visual Studio Solution File, Format Version 12.00
# Visual Studio Version 16
VisualStudioVersion = 16.0.30011.22
MinimumVisualStudioVersion = 10.0.40219.1
Project("{FAE04EC0-301F-11D3-BF4B-00C04F79EFBC}") = "01.Concert", "01.Concert\01.Concert.csproj", "{021FC74F-AD5A-49AB-A8F5-CDFB896A6778}"
EndProject
Project("{FAE04EC0-301F-11D3-BF4B-00C04F79EFBC}") = "02.SongEncryption", "02.SongEncryption\02.SongEncryption.csproj", "{2A664E04-E729-41D1-9C40-8EF5E9DA6824}"
EndProject
Project("{FAE04EC0-301F-11D3-BF4B-00C04F79EFBC}") = "03.TheIsleOfManTTRace", "03.TheIsleOfManTTRace\03.TheIsleOfManTTRace.csproj", "{56AF70FB-85C6-4B7C-9540-0C8EA51D1A6B}"
EndProject
Global
	GlobalSection(SolutionConfigurationPlatforms) = preSolution
		Debug|Any CPU = Debug|Any CPU
		Release|Any CPU = Release|Any CPU
	EndGlobalSection
	GlobalSection(ProjectConfigurationPlatforms) = postSolution
		{021FC74F-AD5A-49AB-A8F5-CDFB896A6778}.Debug|Any CPU.ActiveCfg = Debug|Any CPU
		{021FC74F-AD5A-49AB-A8F5-CDFB896A6778}.Debug|Any CPU.Build.0 = Debug|Any CPU
		{021FC74F-AD5A-49AB-A8F5-CDFB896A6778}.Release|Any CPU.ActiveCfg = Release|Any CPU
		{021FC74F-AD5A-49AB-A8F5-CDFB896A6778}.Release|Any CPU.Build.0 = Release|Any CPU
		{2A664E04-E729-41D1-9C40-8EF5E9DA6824}.Debug|Any CPU.ActiveCfg = Debug|Any CPU
		{2A664E04-E729-41D1-9C40-8EF5E9DA6824}.Debug|Any CPU.Build.0 = Debug|Any CPU
		{2A664E04-E729-41D1-9C40-8EF5E9DA6824}.Release|Any CPU.ActiveCfg = Release|Any CPU
		{2A664E04-E729-41D1-9C40-8EF5E9DA6824}.Release|Any CPU.Build.0 = Release|Any CPU
		{56AF70FB-85C6-4B7C-9540-0C8EA51D1A6B}.Debug|Any CPU.ActiveCfg = Debug|Any CPU
		{56AF70FB-85C6-4B7C-9540-0C8EA51D1A6B}.Debug|Any CPU.Build.0 = Debug|Any CPU
		{56AF70FB-85C6-4B7C-9540-0C8EA51D1A6B}.Release|Any CPU.ActiveCfg = Release|Any CPU
		{56AF70FB-85C6-4B7C-9540-0C8EA51D1A6B}.Release|Any CPU.Build.0 = Release|Any CPU
	EndGlobalSection
	GlobalSection(SolutionProperties) = preSolution
		HideSolutionNode = FALSE
	EndGlobalSection
	GlobalSection(ExtensibilityGlobals) = postSolution
		SolutionGuid = {295A6901-59AE-40C0-BA61-76498DF750F9}
	EndGlobalSection
EndGlobal
